
Microsoft Visual Studio Solution File, Format Version 12.00
# Visual Studio Version 17
VisualStudioVersion = 17.8.34330.188
MinimumVisualStudioVersion = 10.0.40219.1
Project("{FAE04EC0-301F-11D3-BF4B-00C04F79EFBC}") = "OneInc.Server", "OneInc.Server\OneInc.Server.csproj", "{E09829CA-47EF-4DA3-8B3C-CEAB055922CB}"
EndProject
Project("{54A90642-561A-4BB1-A94E-469ADEE60C69}") = "oneinc.client", "oneinc.client\oneinc.client.esproj", "{9DB79C13-A35D-4A22-895B-16ADC4955DB2}"
EndProject
Project("{FAE04EC0-301F-11D3-BF4B-00C04F79EFBC}") = "OneInc.ServerTests", "OneInc.ServerTests\OneInc.ServerTests.csproj", "{744FFE56-41E3-49F6-BB2F-68364ED8E88F}"
EndProject
Global
	GlobalSection(SolutionConfigurationPlatforms) = preSolution
		Debug|Any CPU = Debug|Any CPU
		Release|Any CPU = Release|Any CPU
	EndGlobalSection
	GlobalSection(ProjectConfigurationPlatforms) = postSolution
		{E09829CA-47EF-4DA3-8B3C-CEAB055922CB}.Debug|Any CPU.ActiveCfg = Debug|Any CPU
		{E09829CA-47EF-4DA3-8B3C-CEAB055922CB}.Debug|Any CPU.Build.0 = Debug|Any CPU
		{E09829CA-47EF-4DA3-8B3C-CEAB055922CB}.Release|Any CPU.ActiveCfg = Release|Any CPU
		{E09829CA-47EF-4DA3-8B3C-CEAB055922CB}.Release|Any CPU.Build.0 = Release|Any CPU
		{9DB79C13-A35D-4A22-895B-16ADC4955DB2}.Debug|Any CPU.ActiveCfg = Debug|Any CPU
		{9DB79C13-A35D-4A22-895B-16ADC4955DB2}.Debug|Any CPU.Build.0 = Debug|Any CPU
		{9DB79C13-A35D-4A22-895B-16ADC4955DB2}.Debug|Any CPU.Deploy.0 = Debug|Any CPU
		{9DB79C13-A35D-4A22-895B-16ADC4955DB2}.Release|Any CPU.ActiveCfg = Release|Any CPU
		{9DB79C13-A35D-4A22-895B-16ADC4955DB2}.Release|Any CPU.Build.0 = Release|Any CPU
		{9DB79C13-A35D-4A22-895B-16ADC4955DB2}.Release|Any CPU.Deploy.0 = Release|Any CPU
		{744FFE56-41E3-49F6-BB2F-68364ED8E88F}.Debug|Any CPU.ActiveCfg = Debug|Any CPU
		{744FFE56-41E3-49F6-BB2F-68364ED8E88F}.Debug|Any CPU.Build.0 = Debug|Any CPU
		{744FFE56-41E3-49F6-BB2F-68364ED8E88F}.Release|Any CPU.ActiveCfg = Release|Any CPU
		{744FFE56-41E3-49F6-BB2F-68364ED8E88F}.Release|Any CPU.Build.0 = Release|Any CPU
	EndGlobalSection
	GlobalSection(SolutionProperties) = preSolution
		HideSolutionNode = FALSE
	EndGlobalSection
	GlobalSection(ExtensibilityGlobals) = postSolution
		SolutionGuid = {55051180-3D2B-4F2F-94F9-09DBDFF06E25}
	EndGlobalSection
EndGlobal
